
Microsoft Visual Studio Solution File, Format Version 12.00
# Visual Studio 15
Project("{FAE04EC0-301F-11D3-BF4B-00C04F79EFBC}") = "Assembly-CSharp", "Assembly-CSharp.csproj", "{C07F5C7D-5598-2FEB-C704-BCF7D7D856F9}"
EndProject
Project("{FAE04EC0-301F-11D3-BF4B-00C04F79EFBC}") = "Polyperfect.Universal", "Polyperfect.Universal.csproj", "{F8734CF6-B8DA-F472-31BD-B0B0300E4B22}"
EndProject
Global
	GlobalSection(SolutionConfigurationPlatforms) = preSolution
		Debug|Any CPU = Debug|Any CPU
		Release|Any CPU = Release|Any CPU
	EndGlobalSection
	GlobalSection(ProjectConfigurationPlatforms) = postSolution
		{C07F5C7D-5598-2FEB-C704-BCF7D7D856F9}.Debug|Any CPU.ActiveCfg = Debug|Any CPU
		{C07F5C7D-5598-2FEB-C704-BCF7D7D856F9}.Debug|Any CPU.Build.0 = Debug|Any CPU
		{C07F5C7D-5598-2FEB-C704-BCF7D7D856F9}.Release|Any CPU.ActiveCfg = Release|Any CPU
		{C07F5C7D-5598-2FEB-C704-BCF7D7D856F9}.Release|Any CPU.Build.0 = Release|Any CPU
		{F8734CF6-B8DA-F472-31BD-B0B0300E4B22}.Debug|Any CPU.ActiveCfg = Debug|Any CPU
		{F8734CF6-B8DA-F472-31BD-B0B0300E4B22}.Debug|Any CPU.Build.0 = Debug|Any CPU
		{F8734CF6-B8DA-F472-31BD-B0B0300E4B22}.Release|Any CPU.ActiveCfg = Release|Any CPU
		{F8734CF6-B8DA-F472-31BD-B0B0300E4B22}.Release|Any CPU.Build.0 = Release|Any CPU
	EndGlobalSection
	GlobalSection(SolutionProperties) = preSolution
		HideSolutionNode = FALSE
	EndGlobalSection
EndGlobal
